
Microsoft Visual Studio Solution File, Format Version 12.00
# Visual Studio Version 16
VisualStudioVersion = 16.0.30621.155
MinimumVisualStudioVersion = 10.0.40219.1
Project("{FAE04EC0-301F-11D3-BF4B-00C04F79EFBC}") = "UnitySocketMultiplayerServer", "UnitySocketMultiplayerServer\UnitySocketMultiplayerServer.csproj", "{D60C2162-98B6-475C-9F2D-B08F1A58669D}"
EndProject

Global
	GlobalSection(SolutionConfigurationPlatforms) = preSolution
		Debug|Any CPU = Debug|Any CPU
		Release|Any CPU = Release|Any CPU
	EndGlobalSection
	GlobalSection(ProjectConfigurationPlatforms) = postSolution
		{D60C2162-98B6-475C-9F2D-B08F1A58669D}.Debug|Any CPU.ActiveCfg = Debug|Any CPU
		{D60C2162-98B6-475C-9F2D-B08F1A58669D}.Debug|Any CPU.Build.0 = Debug|Any CPU
		{D60C2162-98B6-475C-9F2D-B08F1A58669D}.Release|Any CPU.ActiveCfg = Release|Any CPU
		{D60C2162-98B6-475C-9F2D-B08F1A58669D}.Release|Any CPU.Build.0 = Release|Any CPU
	EndGlobalSection
	GlobalSection(SolutionProperties) = preSolution
		HideSolutionNode = FALSE
	EndGlobalSection
	GlobalSection(ExtensibilityGlobals) = postSolution
		SolutionGuid = {F6E189A3-DD08-45F0-93F9-D26FEC9FEC8B}
	EndGlobalSection
EndGlobal
